{
	"requires": true,
	"lockfileVersion": 1,
	"dependencies": {
		"@lit/reactive-element": {
			"version": "1.0.2",
			"resolved": "https://registry.npmjs.org/@lit/reactive-element/-/reactive-element-1.0.2.tgz",
			"integrity": "sha512-oz3d3MKjQ2tXynQgyaQaMpGTDNyNDeBdo6dXf1AbjTwhA1IRINHmA7kSaVYv9ttKweNkEoNqp9DqteDdgWzPEg=="
		},
		"@types/trusted-types": {
			"version": "2.0.2",
			"resolved": "https://registry.npmjs.org/@types/trusted-types/-/trusted-types-2.0.2.tgz",
			"integrity": "sha512-F5DIZ36YVLE+PN+Zwws4kJogq47hNgX3Nx6WyDJ3kcplxyke3XIzB8uK5n/Lpm1HBsbGzd6nmGehL8cPekP+Tg=="
		},
		"fsevents": {
			"version": "2.3.2",
			"resolved": "https://registry.npmjs.org/fsevents/-/fsevents-2.3.2.tgz",
			"integrity": "sha512-xiqMQR4xAeHTuB9uWm+fFRcIOgKBMiOBP+eXiyT7jsgVCq1bkVygt00oASowB7EdtpOHaaPgKt812P9ab+DDKA==",
			"dev": true,
			"optional": true
		},
		"lit": {
			"version": "2.0.2",
			"resolved": "https://registry.npmjs.org/lit/-/lit-2.0.2.tgz",
			"integrity": "sha512-hKA/1YaSB+P+DvKWuR2q1Xzy/iayhNrJ3aveD0OQ9CKn6wUjsdnF/7LavDOJsKP/K5jzW/kXsuduPgRvTFrFJw==",
			"requires": {
				"@lit/reactive-element": "^1.0.0",
				"lit-element": "^3.0.0",
				"lit-html": "^2.0.0"
			}
		},
		"lit-element": {
			"version": "3.0.2",
			"resolved": "https://registry.npmjs.org/lit-element/-/lit-element-3.0.2.tgz",
			"integrity": "sha512-9vTJ47D2DSE4Jwhle7aMzEwO2ZcOPRikqfT3CVG7Qol2c9/I4KZwinZNW5Xv8hNm+G/enSSfIwqQhIXi6ioAUg==",
			"requires": {
				"@lit/reactive-element": "^1.0.0",
				"lit-html": "^2.0.0"
			}
		},
		"lit-html": {
			"version": "2.0.2",
			"resolved": "https://registry.npmjs.org/lit-html/-/lit-html-2.0.2.tgz",
			"integrity": "sha512-dON7Zg8btb14/fWohQLQBdSgkoiQA4mIUy87evmyJHtxRq7zS6LlC32bT5EPWiof5PUQaDpF45v2OlrxHA5Clg==",
			"requires": {
				"@types/trusted-types": "^2.0.2"
			}
		},
		"preact": {
			"version": "10.6.4",
			"resolved": "https://registry.npmjs.org/preact/-/preact-10.6.4.tgz",
			"integrity": "sha512-WyosM7pxGcndU8hY0OQlLd54tOU+qmG45QXj2dAYrL11HoyU/EzOSTlpJsirbBr1QW7lICxSsVJJmcmUglovHQ=="
		},
		"preact-iso": {
			"version": "2.3.0",
			"resolved": "https://registry.npmjs.org/preact-iso/-/preact-iso-2.3.0.tgz",
			"integrity": "sha512-taJmRidbWrjHEhoVoxXS2Kvxa6X3jXSsTtD7rSYeJuxnPNr1ghCu1JUzCrRxmZwTUNWIqwUpNi+AJoLtvCPN7g=="
		},
		"wmr": {
			"version": "3.7.2",
			"resolved": "https://registry.npmjs.org/wmr/-/wmr-3.7.2.tgz",
			"integrity": "sha512-i+e/T8J067qP2pBgq6E2gaW9qMGK+D9eGue85YM0Vflc2UuzXBP3fSS5PzvyHEKuPHZWmcFBmZRs6DU9Lkr9og==",
			"dev": true,
			"requires": {
				"fsevents": "^2.1.3"
			}
		}
	}
}
